
Microsoft Visual Studio Solution File, Format Version 12.00
# Visual Studio Version 17
VisualStudioVersion = 17.8.34408.163
MinimumVisualStudioVersion = 10.0.40219.1
Project("{2150E333-8FDC-42A3-9474-1A3956D46DE8}") = "Business", "Business", "{6D60223E-0A84-45EF-BF79-FC093895EDD1}"
EndProject
Project("{FAE04EC0-301F-11D3-BF4B-00C04F79EFBC}") = "001_Common", "Common\001_Common.csproj", "{814B6596-D782-4B99-8E8D-A8B357B67AED}"
EndProject
Project("{FAE04EC0-301F-11D3-BF4B-00C04F79EFBC}") = "002_Repository", "002_Repository\002_Repository.csproj", "{37CFFA5F-CC84-4677-A3E0-87AE5785B5E2}"
EndProject
Project("{2150E333-8FDC-42A3-9474-1A3956D46DE8}") = "Test", "Test", "{3B039380-4C23-4BB3-A363-36AF6B031126}"
EndProject
Project("{FAE04EC0-301F-11D3-BF4B-00C04F79EFBC}") = "UnitTests", "UnitTests\UnitTests.csproj", "{F21AE484-599B-407C-A095-C8D0775124C2}"
EndProject
Project("{2150E333-8FDC-42A3-9474-1A3956D46DE8}") = "Frontend", "Frontend", "{796E74C8-A81B-4F8B-BA33-B9B86DCEE6DD}"
EndProject
Global
	GlobalSection(SolutionConfigurationPlatforms) = preSolution
		Debug|Any CPU = Debug|Any CPU
		Release|Any CPU = Release|Any CPU
	EndGlobalSection
	GlobalSection(ProjectConfigurationPlatforms) = postSolution
		{814B6596-D782-4B99-8E8D-A8B357B67AED}.Debug|Any CPU.ActiveCfg = Debug|Any CPU
		{814B6596-D782-4B99-8E8D-A8B357B67AED}.Debug|Any CPU.Build.0 = Debug|Any CPU
		{814B6596-D782-4B99-8E8D-A8B357B67AED}.Release|Any CPU.ActiveCfg = Release|Any CPU
		{814B6596-D782-4B99-8E8D-A8B357B67AED}.Release|Any CPU.Build.0 = Release|Any CPU
		{37CFFA5F-CC84-4677-A3E0-87AE5785B5E2}.Debug|Any CPU.ActiveCfg = Debug|Any CPU
		{37CFFA5F-CC84-4677-A3E0-87AE5785B5E2}.Debug|Any CPU.Build.0 = Debug|Any CPU
		{37CFFA5F-CC84-4677-A3E0-87AE5785B5E2}.Release|Any CPU.ActiveCfg = Release|Any CPU
		{37CFFA5F-CC84-4677-A3E0-87AE5785B5E2}.Release|Any CPU.Build.0 = Release|Any CPU
		{F21AE484-599B-407C-A095-C8D0775124C2}.Debug|Any CPU.ActiveCfg = Debug|Any CPU
		{F21AE484-599B-407C-A095-C8D0775124C2}.Debug|Any CPU.Build.0 = Debug|Any CPU
		{F21AE484-599B-407C-A095-C8D0775124C2}.Release|Any CPU.ActiveCfg = Release|Any CPU
		{F21AE484-599B-407C-A095-C8D0775124C2}.Release|Any CPU.Build.0 = Release|Any CPU
	EndGlobalSection
	GlobalSection(SolutionProperties) = preSolution
		HideSolutionNode = FALSE
	EndGlobalSection
	GlobalSection(NestedProjects) = preSolution
		{814B6596-D782-4B99-8E8D-A8B357B67AED} = {6D60223E-0A84-45EF-BF79-FC093895EDD1}
		{37CFFA5F-CC84-4677-A3E0-87AE5785B5E2} = {6D60223E-0A84-45EF-BF79-FC093895EDD1}
		{F21AE484-599B-407C-A095-C8D0775124C2} = {3B039380-4C23-4BB3-A363-36AF6B031126}
	EndGlobalSection
	GlobalSection(ExtensibilityGlobals) = postSolution
		SolutionGuid = {4BAFF958-9A21-431F-823E-35ABC0A7E4C1}
	EndGlobalSection
EndGlobal
